
Microsoft Visual Studio Solution File, Format Version 12.00
# Visual Studio Version 17
VisualStudioVersion = 17.14.36414.22 d17.14
MinimumVisualStudioVersion = 10.0.40219.1
Project("{FAE04EC0-301F-11D3-BF4B-00C04F79EFBC}") = "WareHouseManagement", "WareHouseManagement\WareHouseManagement.csproj", "{B0784A65-D084-47FC-A921-2F20F6F985CF}"
EndProject
Global
	GlobalSection(SolutionConfigurationPlatforms) = preSolution
		Debug|Any CPU = Debug|Any CPU
		Release|Any CPU = Release|Any CPU
	EndGlobalSection
	GlobalSection(ProjectConfigurationPlatforms) = postSolution
		{B0784A65-D084-47FC-A921-2F20F6F985CF}.Debug|Any CPU.ActiveCfg = Debug|Any CPU
		{B0784A65-D084-47FC-A921-2F20F6F985CF}.Debug|Any CPU.Build.0 = Debug|Any CPU
		{B0784A65-D084-47FC-A921-2F20F6F985CF}.Release|Any CPU.ActiveCfg = Release|Any CPU
		{B0784A65-D084-47FC-A921-2F20F6F985CF}.Release|Any CPU.Build.0 = Release|Any CPU
	EndGlobalSection
	GlobalSection(SolutionProperties) = preSolution
		HideSolutionNode = FALSE
	EndGlobalSection
	GlobalSection(ExtensibilityGlobals) = postSolution
		SolutionGuid = {C5C57907-7AC1-43D3-B1ED-F0123345959B}
	EndGlobalSection
EndGlobal
